
Microsoft Visual Studio Solution File, Format Version 12.00
# Visual Studio Version 16
VisualStudioVersion = 16.0.32106.194
MinimumVisualStudioVersion = 10.0.40219.1
Project("{FAE04EC0-301F-11D3-BF4B-00C04F79EFBC}") = "TeknorixAPI", "TeknorixAPI\TeknorixAPI.csproj", "{2B6EDD61-1F9D-497F-8E99-14E761548668}"
EndProject
Project("{FAE04EC0-301F-11D3-BF4B-00C04F79EFBC}") = "Teknorix.Data", "Teknorix.Data\Teknorix.Data.csproj", "{9E90C704-ACE8-4E74-B8E1-82E1544D2080}"
EndProject
Global
	GlobalSection(SolutionConfigurationPlatforms) = preSolution
		Debug|Any CPU = Debug|Any CPU
		Release|Any CPU = Release|Any CPU
	EndGlobalSection
	GlobalSection(ProjectConfigurationPlatforms) = postSolution
		{2B6EDD61-1F9D-497F-8E99-14E761548668}.Debug|Any CPU.ActiveCfg = Debug|Any CPU
		{2B6EDD61-1F9D-497F-8E99-14E761548668}.Debug|Any CPU.Build.0 = Debug|Any CPU
		{2B6EDD61-1F9D-497F-8E99-14E761548668}.Release|Any CPU.ActiveCfg = Release|Any CPU
		{2B6EDD61-1F9D-497F-8E99-14E761548668}.Release|Any CPU.Build.0 = Release|Any CPU
		{9E90C704-ACE8-4E74-B8E1-82E1544D2080}.Debug|Any CPU.ActiveCfg = Debug|Any CPU
		{9E90C704-ACE8-4E74-B8E1-82E1544D2080}.Debug|Any CPU.Build.0 = Debug|Any CPU
		{9E90C704-ACE8-4E74-B8E1-82E1544D2080}.Release|Any CPU.ActiveCfg = Release|Any CPU
		{9E90C704-ACE8-4E74-B8E1-82E1544D2080}.Release|Any CPU.Build.0 = Release|Any CPU
	EndGlobalSection
	GlobalSection(SolutionProperties) = preSolution
		HideSolutionNode = FALSE
	EndGlobalSection
	GlobalSection(ExtensibilityGlobals) = postSolution
		SolutionGuid = {5838664B-F228-4D27-94D3-9AF05DE43B11}
	EndGlobalSection
EndGlobal
